
Microsoft Visual Studio Solution File, Format Version 12.00
# Visual Studio Version 17
VisualStudioVersion = 17.6.33723.286
MinimumVisualStudioVersion = 10.0.40219.1
Project("{FAE04EC0-301F-11D3-BF4B-00C04F79EFBC}") = "grpcService", "grpcService\grpcService.csproj", "{D8429668-990D-4F9D-8464-D7B1CD0A2578}"
EndProject
Global
	GlobalSection(SolutionConfigurationPlatforms) = preSolution
		Debug|Any CPU = Debug|Any CPU
		Release|Any CPU = Release|Any CPU
	EndGlobalSection
	GlobalSection(ProjectConfigurationPlatforms) = postSolution
		{D8429668-990D-4F9D-8464-D7B1CD0A2578}.Debug|Any CPU.ActiveCfg = Debug|Any CPU
		{D8429668-990D-4F9D-8464-D7B1CD0A2578}.Debug|Any CPU.Build.0 = Debug|Any CPU
		{D8429668-990D-4F9D-8464-D7B1CD0A2578}.Release|Any CPU.ActiveCfg = Release|Any CPU
		{D8429668-990D-4F9D-8464-D7B1CD0A2578}.Release|Any CPU.Build.0 = Release|Any CPU
	EndGlobalSection
	GlobalSection(SolutionProperties) = preSolution
		HideSolutionNode = FALSE
	EndGlobalSection
	GlobalSection(ExtensibilityGlobals) = postSolution
		SolutionGuid = {1E770307-B984-4675-ACF8-9F85A622BEE6}
	EndGlobalSection
EndGlobal
